
Microsoft Visual Studio Solution File, Format Version 12.00
# Visual Studio 15
VisualStudioVersion = 15.0.28307.1022
MinimumVisualStudioVersion = 10.0.40219.1
Project("{FAE04EC0-301F-11D3-BF4B-00C04F79EFBC}") = "NotebookApi1", "NotebookApi1\NotebookApi1.csproj", "{B0025F61-F84F-42A5-BFC9-55C33FFC0FEC}"
EndProject
Global
	GlobalSection(SolutionConfigurationPlatforms) = preSolution
		Debug|Any CPU = Debug|Any CPU
		Release|Any CPU = Release|Any CPU
	EndGlobalSection
	GlobalSection(ProjectConfigurationPlatforms) = postSolution
		{B0025F61-F84F-42A5-BFC9-55C33FFC0FEC}.Debug|Any CPU.ActiveCfg = Debug|Any CPU
		{B0025F61-F84F-42A5-BFC9-55C33FFC0FEC}.Debug|Any CPU.Build.0 = Debug|Any CPU
		{B0025F61-F84F-42A5-BFC9-55C33FFC0FEC}.Release|Any CPU.ActiveCfg = Release|Any CPU
		{B0025F61-F84F-42A5-BFC9-55C33FFC0FEC}.Release|Any CPU.Build.0 = Release|Any CPU
	EndGlobalSection
	GlobalSection(SolutionProperties) = preSolution
		HideSolutionNode = FALSE
	EndGlobalSection
	GlobalSection(ExtensibilityGlobals) = postSolution
		SolutionGuid = {07D862A2-8F8E-46FD-97D4-8D69A841A11F}
	EndGlobalSection
EndGlobal
